// !$*UTF8*$!
{
	archiveVersion = 1;
	classes = {
	};
	objectVersion = 77;
	objects = {

/* Begin PBXContainerItemProxy section */
		AC41E0A42CE740BB00C8DEB6 /* PBXContainerItemProxy */ = {
			isa = PBXContainerItemProxy;
			containerPortal = AC41E08B2CE740B900C8DEB6 /* Project object */;
			proxyType = 1;
			remoteGlobalIDString = AC41E0922CE740B900C8DEB6;
			remoteInfo = vikram;
		};
		AC41E0AE2CE740BB00C8DEB6 /* PBXContainerItemProxy */ = {
			isa = PBXContainerItemProxy;
			containerPortal = AC41E08B2CE740B900C8DEB6 /* Project object */;
			proxyType = 1;
			remoteGlobalIDString = AC41E0922CE740B900C8DEB6;
			remoteInfo = vikram;
		};
/* End PBXContainerItemProxy section */

/* Begin PBXFileReference section */
		AC41E0932CE740B900C8DEB6 /* vikram.app */ = {isa = PBXFileReference; explicitFileType = wrapper.application; includeInIndex = 0; path = vikram.app; sourceTree = BUILT_PRODUCTS_DIR; };
		AC41E0A32CE740BB00C8DEB6 /* vikramTests.xctest */ = {isa = PBXFileReference; explicitFileType = wrapper.cfbundle; includeInIndex = 0; path = vikramTests.xctest; sourceTree = BUILT_PRODUCTS_DIR; };
		AC41E0AD2CE740BB00C8DEB6 /* vikramUITests.xctest */ = {isa = PBXFileReference; explicitFileType = wrapper.cfbundle; includeInIndex = 0; path = vikramUITests.xctest; sourceTree = BUILT_PRODUCTS_DIR; };
/* End PBXFileReference section */

/* Begin PBXFileSystemSynchronizedRootGroup section */
		AC41E0952CE740B900C8DEB6 /* vikram */ = {
			isa = PBXFileSystemSynchronizedRootGroup;
			path = vikram;
			sourceTree = "<group>";
		};
		AC41E0A62CE740BB00C8DEB6 /* vikramTests */ = {
			isa = PBXFileSystemSynchronizedRootGroup;
			path = vikramTests;
			sourceTree = "<group>";
		};
		AC41E0B02CE740BB00C8DEB6 /* vikramUITests */ = {
			isa = PBXFileSystemSynchronizedRootGroup;
			path = vikramUITests;
			sourceTree = "<group>";
		};
/* End PBXFileSystemSynchronizedRootGroup section */

/* Begin PBXFrameworksBuildPhase section */
		AC41E0902CE740B900C8DEB6 /* Frameworks */ = {
			isa = PBXFrameworksBuildPhase;
			buildActionMask = 2147483647;
			files = (
			);
			runOnlyForDeploymentPostprocessing = 0;
		};
		AC41E0A02CE740BB00C8DEB6 /* Frameworks */ = {
			isa = PBXFrameworksBuildPhase;
			buildActionMask = 2147483647;
			files = (
			);
			runOnlyForDeploymentPostprocessing = 0;
		};
		AC41E0AA2CE740BB00C8DEB6 /* Frameworks */ = {
			isa = PBXFrameworksBuildPhase;
			buildActionMask = 2147483647;
			files = (
			);
			runOnlyForDeploymentPostprocessing = 0;
		};
/* End PBXFrameworksBuildPhase section */

/* Begin PBXGroup section */
		AC41E08A2CE740B900C8DEB6 = {
			isa = PBXGroup;
			children = (
				AC41E0952CE740B900C8DEB6 /* vikram */,
				AC41E0A62CE740BB00C8DEB6 /* vikramTests */,
				AC41E0B02CE740BB00C8DEB6 /* vikramUITests */,
				AC41E0942CE740B900C8DEB6 /* Products */,
			);
			sourceTree = "<group>";
		};
		AC41E0942CE740B900C8DEB6 /* Products */ = {
			isa = PBXGroup;
			children = (
				AC41E0932CE740B900C8DEB6 /* vikram.app */,
				AC41E0A32CE740BB00C8DEB6 /* vikramTests.xctest */,
				AC41E0AD2CE740BB00C8DEB6 /* vikramUITests.xctest */,
			);
			name = Products;
			sourceTree = "<group>";
		};
/* End PBXGroup section */

/* Begin PBXNativeTarget section */
		AC41E0922CE740B900C8DEB6 /* vikram */ = {
			isa = PBXNativeTarget;
			buildConfigurationList = AC41E0B72CE740BB00C8DEB6 /* Build configuration list for PBXNativeTarget "vikram" */;
			buildPhases = (
				AC41E08F2CE740B900C8DEB6 /* Sources */,
				AC41E0902CE740B900C8DEB6 /* Frameworks */,
				AC41E0912CE740B900C8DEB6 /* Resources */,
			);
			buildRules = (
			);
			dependencies = (
			);
			fileSystemSynchronizedGroups = (
				AC41E0952CE740B900C8DEB6 /* vikram */,
			);
			name = vikram;
			packageProductDependencies = (
			);
			productName = vikram;
			productReference = AC41E0932CE740B900C8DEB6 /* vikram.app */;
			productType = "com.apple.product-type.application";
		};
		AC41E0A22CE740BB00C8DEB6 /* vikramTests */ = {
			isa = PBXNativeTarget;
			buildConfigurationList = AC41E0BA2CE740BB00C8DEB6 /* Build configuration list for PBXNativeTarget "vikramTests" */;
			buildPhases = (
				AC41E09F2CE740BB00C8DEB6 /* Sources */,
				AC41E0A02CE740BB00C8DEB6 /* Frameworks */,
				AC41E0A12CE740BB00C8DEB6 /* Resources */,
			);
			buildRules = (
			);
			dependencies = (
				AC41E0A52CE740BB00C8DEB6 /* PBXTargetDependency */,
			);
			fileSystemSynchronizedGroups = (
				AC41E0A62CE740BB00C8DEB6 /* vikramTests */,
			);
			name = vikramTests;
			packageProductDependencies = (
			);
			productName = vikramTests;
			productReference = AC41E0A32CE740BB00C8DEB6 /* vikramTests.xctest */;
			productType = "com.apple.product-type.bundle.unit-test";
		};
		AC41E0AC2CE740BB00C8DEB6 /* vikramUITests */ = {
			isa = PBXNativeTarget;
			buildConfigurationList = AC41E0BD2CE740BB00C8DEB6 /* Build configuration list for PBXNativeTarget "vikramUITests" */;
			buildPhases = (
				AC41E0A92CE740BB00C8DEB6 /* Sources */,
				AC41E0AA2CE740BB00C8DEB6 /* Frameworks */,
				AC41E0AB2CE740BB00C8DEB6 /* Resources */,
			);
			buildRules = (
			);
			dependencies = (
				AC41E0AF2CE740BB00C8DEB6 /* PBXTargetDependency */,
			);
			fileSystemSynchronizedGroups = (
				AC41E0B02CE740BB00C8DEB6 /* vikramUITests */,
			);
			name = vikramUITests;
			packageProductDependencies = (
			);
			productName = vikramUITests;
			productReference = AC41E0AD2CE740BB00C8DEB6 /* vikramUITests.xctest */;
			productType = "com.apple.product-type.bundle.ui-testing";
		};
/* End PBXNativeTarget section */

/* Begin PBXProject section */
		AC41E08B2CE740B900C8DEB6 /* Project object */ = {
			isa = PBXProject;
			attributes = {
				BuildIndependentTargetsInParallel = 1;
				LastSwiftUpdateCheck = 1610;
				LastUpgradeCheck = 1610;
				TargetAttributes = {
					AC41E0922CE740B900C8DEB6 = {
						CreatedOnToolsVersion = 16.1;
					};
					AC41E0A22CE740BB00C8DEB6 = {
						CreatedOnToolsVersion = 16.1;
						TestTargetID = AC41E0922CE740B900C8DEB6;
					};
					AC41E0AC2CE740BB00C8DEB6 = {
						CreatedOnToolsVersion = 16.1;
						TestTargetID = AC41E0922CE740B900C8DEB6;
					};
				};
			};
			buildConfigurationList = AC41E08E2CE740B900C8DEB6 /* Build configuration list for PBXProject "vikram" */;
			developmentRegion = en;
			hasScannedForEncodings = 0;
			knownRegions = (
				en,
				Base,
			);
			mainGroup = AC41E08A2CE740B900C8DEB6;
			minimizedProjectReferenceProxies = 1;
			preferredProjectObjectVersion = 77;
			productRefGroup = AC41E0942CE740B900C8DEB6 /* Products */;
			projectDirPath = "";
			projectRoot = "";
			targets = (
				AC41E0922CE740B900C8DEB6 /* vikram */,
				AC41E0A22CE740BB00C8DEB6 /* vikramTests */,
				AC41E0AC2CE740BB00C8DEB6 /* vikramUITests */,
			);
		};
/* End PBXProject section */

/* Begin PBXResourcesBuildPhase section */
		AC41E0912CE740B900C8DEB6 /* Resources */ = {
			isa = PBXResourcesBuildPhase;
			buildActionMask = 2147483647;
			files = (
			);
			runOnlyForDeploymentPostprocessing = 0;
		};
		AC41E0A12CE740BB00C8DEB6 /* Resources */ = {
			isa = PBXResourcesBuildPhase;
			buildActionMask = 2147483647;
			files = (
			);
			runOnlyForDeploymentPostprocessing = 0;
		};
		AC41E0AB2CE740BB00C8DEB6 /* Resources */ = {
			isa = PBXResourcesBuildPhase;
			buildActionMask = 2147483647;
			files = (
			);
			runOnlyForDeploymentPostprocessing = 0;
		};
/* End PBXResourcesBuildPhase section */

/* Begin PBXSourcesBuildPhase section */
		AC41E08F2CE740B900C8DEB6 /* Sources */ = {
			isa = PBXSourcesBuildPhase;
			buildActionMask = 2147483647;
			files = (
			);
			runOnlyForDeploymentPostprocessing = 0;
		};
		AC41E09F2CE740BB00C8DEB6 /* Sources */ = {
			isa = PBXSourcesBuildPhase;
			buildActionMask = 2147483647;
			files = (
			);
			runOnlyForDeploymentPostprocessing = 0;
		};
		AC41E0A92CE740BB00C8DEB6 /* Sources */ = {
			isa = PBXSourcesBuildPhase;
			buildActionMask = 2147483647;
			files = (
			);
			runOnlyForDeploymentPostprocessing = 0;
		};
/* End PBXSourcesBuildPhase section */

/* Begin PBXTargetDependency section */
		AC41E0A52CE740BB00C8DEB6 /* PBXTargetDependency */ = {
			isa = PBXTargetDependency;
			target = AC41E0922CE740B900C8DEB6 /* vikram */;
			targetProxy = AC41E0A42CE740BB00C8DEB6 /* PBXContainerItemProxy */;
		};
		AC41E0AF2CE740BB00C8DEB6 /* PBXTargetDependency */ = {
			isa = PBXTargetDependency;
			target = AC41E0922CE740B900C8DEB6 /* vikram */;
			targetProxy = AC41E0AE2CE740BB00C8DEB6 /* PBXContainerItemProxy */;
		};
/* End PBXTargetDependency section */

/* Begin XCBuildConfiguration section */
		AC41E0B52CE740BB00C8DEB6 /* Debug */ = {
			isa = XCBuildConfiguration;
			buildSettings = {
				ALWAYS_SEARCH_USER_PATHS = NO;
				ASSETCATALOG_COMPILER_GENERATE_SWIFT_ASSET_SYMBOL_EXTENSIONS = YES;
				CLANG_ANALYZER_NONNULL = YES;
				CLANG_ANALYZER_NUMBER_OBJECT_CONVERSION = YES_AGGRESSIVE;
				CLANG_CXX_LANGUAGE_STANDARD = "gnu++20";
				CLANG_ENABLE_MODULES = YES;
				CLANG_ENABLE_OBJC_ARC = YES;
				CLANG_ENABLE_OBJC_WEAK = YES;
				CLANG_WARN_BLOCK_CAPTURE_AUTORELEASING = YES;
				CLANG_WARN_BOOL_CONVERSION = YES;
				CLANG_WARN_COMMA = YES;
				CLANG_WARN_CONSTANT_CONVERSION = YES;
				CLANG_WARN_DEPRECATED_OBJC_IMPLEMENTATIONS = YES;
				CLANG_WARN_DIRECT_OBJC_ISA_USAGE = YES_ERROR;
				CLANG_WARN_DOCUMENTATION_COMMENTS = YES;
				CLANG_WARN_EMPTY_BODY = YES;
				CLANG_WARN_ENUM_CONVERSION = YES;
				CLANG_WARN_INFINITE_RECURSION = YES;
				CLANG_WARN_INT_CONVERSION = YES;
				CLANG_WARN_NON_LITERAL_NULL_CONVERSION = YES;
				CLANG_WARN_OBJC_IMPLICIT_RETAIN_SELF = YES;
				CLANG_WARN_OBJC_LITERAL_CONVERSION = YES;
				CLANG_WARN_OBJC_ROOT_CLASS = YES_ERROR;
				CLANG_WARN_QUOTED_INCLUDE_IN_FRAMEWORK_HEADER = YES;
				CLANG_WARN_RANGE_LOOP_ANALYSIS = YES;
				CLANG_WARN_STRICT_PROTOTYPES = YES;
				CLANG_WARN_SUSPICIOUS_MOVE = YES;
				CLANG_WARN_UNGUARDED_AVAILABILITY = YES_AGGRESSIVE;
				CLANG_WARN_UNREACHABLE_CODE = YES;
				CLANG_WARN__DUPLICATE_METHOD_MATCH = YES;
				COPY_PHASE_STRIP = NO;
				DEBUG_INFORMATION_FORMAT = dwarf;
				ENABLE_STRICT_OBJC_MSGSEND = YES;
				ENABLE_TESTABILITY = YES;
				ENABLE_USER_SCRIPT_SANDBOXING = YES;
				GCC_C_LANGUAGE_STANDARD = gnu17;
				GCC_DYNAMIC_NO_PIC = NO;
				GCC_NO_COMMON_BLOCKS = YES;
				GCC_OPTIMIZATION_LEVEL = 0;
				GCC_PREPROCESSOR_DEFINITIONS = (
					"DEBUG=1",
					"$(inherited)",
				);
				GCC_WARN_64_TO_32_BIT_CONVERSION = YES;
				GCC_WARN_ABOUT_RETURN_TYPE = YES_ERROR;
				GCC_WARN_UNDECLARED_SELECTOR = YES;
				GCC_WARN_UNINITIALIZED_AUTOS = YES_AGGRESSIVE;
				GCC_WARN_UNUSED_FUNCTION = YES;
				GCC_WARN_UNUSED_VARIABLE = YES;
				IPHONEOS_DEPLOYMENT_TARGET = 18.1;
				LOCALIZATION_PREFERS_STRING_CATALOGS = YES;
				MTL_ENABLE_DEBUG_INFO = INCLUDE_SOURCE;
				MTL_FAST_MATH = YES;
				ONLY_ACTIVE_ARCH = YES;
				SDKROOT = iphoneos;
				SWIFT_ACTIVE_COMPILATION_CONDITIONS = "DEBUG $(inherited)";
				SWIFT_OPTIMIZATION_LEVEL = "-Onone";
			};
			name = Debug;
		};
		AC41E0B62CE740BB00C8DEB6 /* Release */ = {
			isa = XCBuildConfiguration;
			buildSettings = {
				ALWAYS_SEARCH_USER_PATHS = NO;
				ASSETCATALOG_COMPILER_GENERATE_SWIFT_ASSET_SYMBOL_EXTENSIONS = YES;
				CLANG_ANALYZER_NONNULL = YES;
				CLANG_ANALYZER_NUMBER_OBJECT_CONVERSION = YES_AGGRESSIVE;
				CLANG_CXX_LANGUAGE_STANDARD = "gnu++20";
				CLANG_ENABLE_MODULES = YES;
				CLANG_ENABLE_OBJC_ARC = YES;
				CLANG_ENABLE_OBJC_WEAK = YES;
				CLANG_WARN_BLOCK_CAPTURE_AUTORELEASING = YES;
				CLANG_WARN_BOOL_CONVERSION = YES;
				CLANG_WARN_COMMA = YES;
				CLANG_WARN_CONSTANT_CONVERSION = YES;
				CLANG_WARN_DEPRECATED_OBJC_IMPLEMENTATIONS = YES;
				CLANG_WARN_DIRECT_OBJC_ISA_USAGE = YES_ERROR;
				CLANG_WARN_DOCUMENTATION_COMMENTS = YES;
				CLANG_WARN_EMPTY_BODY = YES;
				CLANG_WARN_ENUM_CONVERSION = YES;
				CLANG_WARN_INFINITE_RECURSION = YES;
				CLANG_WARN_INT_CONVERSION = YES;
				CLANG_WARN_NON_LITERAL_NULL_CONVERSION = YES;
				CLANG_WARN_OBJC_IMPLICIT_RETAIN_SELF = YES;
				CLANG_WARN_OBJC_LITERAL_CONVERSION = YES;
				CLANG_WARN_OBJC_ROOT_CLASS = YES_ERROR;
				CLANG_WARN_QUOTED_INCLUDE_IN_FRAMEWORK_HEADER = YES;
				CLANG_WARN_RANGE_LOOP_ANALYSIS = YES;
				CLANG_WARN_STRICT_PROTOTYPES = YES;
				CLANG_WARN_SUSPICIOUS_MOVE = YES;
				CLANG_WARN_UNGUARDED_AVAILABILITY = YES_AGGRESSIVE;
				CLANG_WARN_UNREACHABLE_CODE = YES;
				CLANG_WARN__DUPLICATE_METHOD_MATCH = YES;
				COPY_PHASE_STRIP = NO;
				DEBUG_INFORMATION_FORMAT = "dwarf-with-dsym";
				ENABLE_NS_ASSERTIONS = NO;
				ENABLE_STRICT_OBJC_MSGSEND = YES;
				ENABLE_USER_SCRIPT_SANDBOXING = YES;
				GCC_C_LANGUAGE_STANDARD = gnu17;
				GCC_NO_COMMON_BLOCKS = YES;
				GCC_WARN_64_TO_32_BIT_CONVERSION = YES;
				GCC_WARN_ABOUT_RETURN_TYPE = YES_ERROR;
				GCC_WARN_UNDECLARED_SELECTOR = YES;
				GCC_WARN_UNINITIALIZED_AUTOS = YES_AGGRESSIVE;
				GCC_WARN_UNUSED_FUNCTION = YES;
				GCC_WARN_UNUSED_VARIABLE = YES;
				IPHONEOS_DEPLOYMENT_TARGET = 18.1;
				LOCALIZATION_PREFERS_STRING_CATALOGS = YES;
				MTL_ENABLE_DEBUG_INFO = NO;
				MTL_FAST_MATH = YES;
				SDKROOT = iphoneos;
				SWIFT_COMPILATION_MODE = wholemodule;
				VALIDATE_PRODUCT = YES;
			};
			name = Release;
		};
		AC41E0B82CE740BB00C8DEB6 /* Debug */ = {
			isa = XCBuildConfiguration;
			buildSettings = {
				ASSETCATALOG_COMPILER_APPICON_NAME = AppIcon;
				ASSETCATALOG_COMPILER_GLOBAL_ACCENT_COLOR_NAME = AccentColor;
				CODE_SIGN_STYLE = Automatic;
				CURRENT_PROJECT_VERSION = 1;
				DEVELOPMENT_ASSET_PATHS = "\"vikram/Preview Content\"";
				DEVELOPMENT_TEAM = A3QHS7J765;
				ENABLE_PREVIEWS = YES;
				GENERATE_INFOPLIST_FILE = YES;
				INFOPLIST_KEY_UIApplicationSceneManifest_Generation = YES;
				INFOPLIST_KEY_UIApplicationSupportsIndirectInputEvents = YES;
				INFOPLIST_KEY_UILaunchScreen_Generation = YES;
				INFOPLIST_KEY_UISupportedInterfaceOrientations_iPad = "UIInterfaceOrientationPortrait UIInterfaceOrientationPortraitUpsideDown UIInterfaceOrientationLandscapeLeft UIInterfaceOrientationLandscapeRight";
				INFOPLIST_KEY_UISupportedInterfaceOrientations_iPhone = "UIInterfaceOrientationPortrait UIInterfaceOrientationLandscapeLeft UIInterfaceOrientationLandscapeRight";
				IPHONEOS_DEPLOYMENT_TARGET = 17.6;
				LD_RUNPATH_SEARCH_PATHS = (
					"$(inherited)",
					"@executable_path/Frameworks",
				);
				MARKETING_VERSION = 1.0;
				PRODUCT_BUNDLE_IDENTIFIER = vikram.vikram;
				PRODUCT_NAME = "$(TARGET_NAME)";
				SWIFT_EMIT_LOC_STRINGS = YES;
				SWIFT_VERSION = 5.0;
				TARGETED_DEVICE_FAMILY = "1,2";
			};
			name = Debug;
		};
		AC41E0B92CE740BB00C8DEB6 /* Release */ = {
			isa = XCBuildConfiguration;
			buildSettings = {
				ASSETCATALOG_COMPILER_APPICON_NAME = AppIcon;
				ASSETCATALOG_COMPILER_GLOBAL_ACCENT_COLOR_NAME = AccentColor;
				CODE_SIGN_STYLE = Automatic;
				CURRENT_PROJECT_VERSION = 1;
				DEVELOPMENT_ASSET_PATHS = "\"vikram/Preview Content\"";
				DEVELOPMENT_TEAM = A3QHS7J765;
				ENABLE_PREVIEWS = YES;
				GENERATE_INFOPLIST_FILE = YES;
				INFOPLIST_KEY_UIApplicationSceneManifest_Generation = YES;
				INFOPLIST_KEY_UIApplicationSupportsIndirectInputEvents = YES;
				INFOPLIST_KEY_UILaunchScreen_Generation = YES;
				INFOPLIST_KEY_UISupportedInterfaceOrientations_iPad = "UIInterfaceOrientationPortrait UIInterfaceOrientationPortraitUpsideDown UIInterfaceOrientationLandscapeLeft UIInterfaceOrientationLandscapeRight";
				INFOPLIST_KEY_UISupportedInterfaceOrientations_iPhone = "UIInterfaceOrientationPortrait UIInterfaceOrientationLandscapeLeft UIInterfaceOrientationLandscapeRight";
				IPHONEOS_DEPLOYMENT_TARGET = 17.6;
				LD_RUNPATH_SEARCH_PATHS = (
					"$(inherited)",
					"@executable_path/Frameworks",
				);
				MARKETING_VERSION = 1.0;
				PRODUCT_BUNDLE_IDENTIFIER = vikram.vikram;
				PRODUCT_NAME = "$(TARGET_NAME)";
				SWIFT_EMIT_LOC_STRINGS = YES;
				SWIFT_VERSION = 5.0;
				TARGETED_DEVICE_FAMILY = "1,2";
			};
			name = Release;
		};
		AC41E0BB2CE740BB00C8DEB6 /* Debug */ = {
			isa = XCBuildConfiguration;
			buildSettings = {
				BUNDLE_LOADER = "$(TEST_HOST)";
				CODE_SIGN_STYLE = Automatic;
				CURRENT_PROJECT_VERSION = 1;
				GENERATE_INFOPLIST_FILE = YES;
				IPHONEOS_DEPLOYMENT_TARGET = 18.1;
				MARKETING_VERSION = 1.0;
				PRODUCT_BUNDLE_IDENTIFIER = vikram.vikramTests;
				PRODUCT_NAME = "$(TARGET_NAME)";
				SWIFT_EMIT_LOC_STRINGS = NO;
				SWIFT_VERSION = 5.0;
				TARGETED_DEVICE_FAMILY = "1,2";
				TEST_HOST = "$(BUILT_PRODUCTS_DIR)/vikram.app/$(BUNDLE_EXECUTABLE_FOLDER_PATH)/vikram";
			};
			name = Debug;
		};
		AC41E0BC2CE740BB00C8DEB6 /* Release */ = {
			isa = XCBuildConfiguration;
			buildSettings = {
				BUNDLE_LOADER = "$(TEST_HOST)";
				CODE_SIGN_STYLE = Automatic;
				CURRENT_PROJECT_VERSION = 1;
				GENERATE_INFOPLIST_FILE = YES;
				IPHONEOS_DEPLOYMENT_TARGET = 18.1;
				MARKETING_VERSION = 1.0;
				PRODUCT_BUNDLE_IDENTIFIER = vikram.vikramTests;
				PRODUCT_NAME = "$(TARGET_NAME)";
				SWIFT_EMIT_LOC_STRINGS = NO;
				SWIFT_VERSION = 5.0;
				TARGETED_DEVICE_FAMILY = "1,2";
				TEST_HOST = "$(BUILT_PRODUCTS_DIR)/vikram.app/$(BUNDLE_EXECUTABLE_FOLDER_PATH)/vikram";
			};
			name = Release;
		};
		AC41E0BE2CE740BB00C8DEB6 /* Debug */ = {
			isa = XCBuildConfiguration;
			buildSettings = {
				CODE_SIGN_STYLE = Automatic;
				CURRENT_PROJECT_VERSION = 1;
				GENERATE_INFOPLIST_FILE = YES;
				MARKETING_VERSION = 1.0;
				PRODUCT_BUNDLE_IDENTIFIER = vikram.vikramUITests;
				PRODUCT_NAME = "$(TARGET_NAME)";
				SWIFT_EMIT_LOC_STRINGS = NO;
				SWIFT_VERSION = 5.0;
				TARGETED_DEVICE_FAMILY = "1,2";
				TEST_TARGET_NAME = vikram;
			};
			name = Debug;
		};
		AC41E0BF2CE740BB00C8DEB6 /* Release */ = {
			isa = XCBuildConfiguration;
			buildSettings = {
				CODE_SIGN_STYLE = Automatic;
				CURRENT_PROJECT_VERSION = 1;
				GENERATE_INFOPLIST_FILE = YES;
				MARKETING_VERSION = 1.0;
				PRODUCT_BUNDLE_IDENTIFIER = vikram.vikramUITests;
				PRODUCT_NAME = "$(TARGET_NAME)";
				SWIFT_EMIT_LOC_STRINGS = NO;
				SWIFT_VERSION = 5.0;
				TARGETED_DEVICE_FAMILY = "1,2";
				TEST_TARGET_NAME = vikram;
			};
			name = Release;
		};
/* End XCBuildConfiguration section */

/* Begin XCConfigurationList section */
		AC41E08E2CE740B900C8DEB6 /* Build configuration list for PBXProject "vikram" */ = {
			isa = XCConfigurationList;
			buildConfigurations = (
				AC41E0B52CE740BB00C8DEB6 /* Debug */,
				AC41E0B62CE740BB00C8DEB6 /* Release */,
			);
			defaultConfigurationIsVisible = 0;
			defaultConfigurationName = Release;
		};
		AC41E0B72CE740BB00C8DEB6 /* Build configuration list for PBXNativeTarget "vikram" */ = {
			isa = XCConfigurationList;
			buildConfigurations = (
				AC41E0B82CE740BB00C8DEB6 /* Debug */,
				AC41E0B92CE740BB00C8DEB6 /* Release */,
			);
			defaultConfigurationIsVisible = 0;
			defaultConfigurationName = Release;
		};
		AC41E0BA2CE740BB00C8DEB6 /* Build configuration list for PBXNativeTarget "vikramTests" */ = {
			isa = XCConfigurationList;
			buildConfigurations = (
				AC41E0BB2CE740BB00C8DEB6 /* Debug */,
				AC41E0BC2CE740BB00C8DEB6 /* Release */,
			);
			defaultConfigurationIsVisible = 0;
			defaultConfigurationName = Release;
		};
		AC41E0BD2CE740BB00C8DEB6 /* Build configuration list for PBXNativeTarget "vikramUITests" */ = {
			isa = XCConfigurationList;
			buildConfigurations = (
				AC41E0BE2CE740BB00C8DEB6 /* Debug */,
				AC41E0BF2CE740BB00C8DEB6 /* Release */,
			);
			defaultConfigurationIsVisible = 0;
			defaultConfigurationName = Release;
		};
/* End XCConfigurationList section */
	};
	rootObject = AC41E08B2CE740B900C8DEB6 /* Project object */;
}
